
Microsoft Visual Studio Solution File, Format Version 12.00
# Visual Studio Version 16
VisualStudioVersion = 16.0.30907.101
MinimumVisualStudioVersion = 10.0.40219.1
Project("{FAE04EC0-301F-11D3-BF4B-00C04F79EFBC}") = "YingWork.UI", "YingWork.UI\YingWork.UI.csproj", "{332D5C0A-F252-41D5-813C-DAF5935E28A3}"
EndProject
Project("{FAE04EC0-301F-11D3-BF4B-00C04F79EFBC}") = "YingWork.Data", "YingWork.Data\YingWork.Data.csproj", "{831EF377-A137-4FD3-A491-E19EFFF15C40}"
EndProject
Global
	GlobalSection(SolutionConfigurationPlatforms) = preSolution
		Debug|Any CPU = Debug|Any CPU
		Release|Any CPU = Release|Any CPU
	EndGlobalSection
	GlobalSection(ProjectConfigurationPlatforms) = postSolution
		{332D5C0A-F252-41D5-813C-DAF5935E28A3}.Debug|Any CPU.ActiveCfg = Debug|Any CPU
		{332D5C0A-F252-41D5-813C-DAF5935E28A3}.Debug|Any CPU.Build.0 = Debug|Any CPU
		{332D5C0A-F252-41D5-813C-DAF5935E28A3}.Release|Any CPU.ActiveCfg = Release|Any CPU
		{332D5C0A-F252-41D5-813C-DAF5935E28A3}.Release|Any CPU.Build.0 = Release|Any CPU
		{831EF377-A137-4FD3-A491-E19EFFF15C40}.Debug|Any CPU.ActiveCfg = Debug|Any CPU
		{831EF377-A137-4FD3-A491-E19EFFF15C40}.Debug|Any CPU.Build.0 = Debug|Any CPU
		{831EF377-A137-4FD3-A491-E19EFFF15C40}.Release|Any CPU.ActiveCfg = Release|Any CPU
		{831EF377-A137-4FD3-A491-E19EFFF15C40}.Release|Any CPU.Build.0 = Release|Any CPU
	EndGlobalSection
	GlobalSection(SolutionProperties) = preSolution
		HideSolutionNode = FALSE
	EndGlobalSection
	GlobalSection(ExtensibilityGlobals) = postSolution
		SolutionGuid = {B6A23772-05FC-48C9-884D-A3988E408216}
	EndGlobalSection
EndGlobal
